PODS:
  - NHArrowView (0.1.0)
  - UHNBLEController (0.1.0):
    - UHNDebug
  - UHNCGMController (0.1.0):
    - UHNBLEController
    - UHNDebug
  - UHNDebug (0.1.0)
  - UHNTimeSeriesPlotView (0.1.0)

DEPENDENCIES:
  - NHArrowView
  - UHNBLEController
  - UHNCGMController
  - UHNDebug
  - UHNTimeSeriesPlotView

SPEC CHECKSUMS:
  NHArrowView: 80f0648086eb8b906bcd21b077abf64a70a71314
  UHNBLEController: d2b40042f022575c8a0c608a7aedd18354a8735e
  UHNCGMController: 1b5cd71846e095ca3b6be1f6d59d6231a1057f00
  UHNDebug: 6bc973e06a88c1b14017040d0bcd1ff9adc9127b
  UHNTimeSeriesPlotView: 18d3d3528eaef692e6694434cc24093bdf28fdab

COCOAPODS: 0.35.0
