// !$*UTF8*$!
{
	archiveVersion = 1;
	classes = {
	};
	objectVersion = 46;
	objects = {

/* Begin PBXAggregateTarget section */
		487396D41A9CFA41009C9393 /* documentation */ = {
			isa = PBXAggregateTarget;
			buildConfigurationList = 487396D81A9CFA41009C9393 /* Build configuration list for PBXAggregateTarget "documentation" */;
			buildPhases = (
				487396D91A9CFA49009C9393 /* ShellScript */,
			);
			dependencies = (
			);
			name = documentation;
			productName = documentation;
		};
/* End PBXAggregateTarget section */

/* Begin PBXBuildFile section */
		4846DD981A71DBEA005E111B /* icon.png in Resources */ = {isa = PBXBuildFile; fileRef = 4846DD971A71DBEA005E111B /* icon.png */; };
		48EE56BC1A5C5BE7007EFA6D /* main.m in Sources */ = {isa = PBXBuildFile; fileRef = 48EE56BB1A5C5BE7007EFA6D /* main.m */; };
		48EE56BF1A5C5BE7007EFA6D /* AppDelegate.m in Sources */ = {isa = PBXBuildFile; fileRef = 48EE56BE1A5C5BE7007EFA6D /* AppDelegate.m */; };
		48EE56C21A5C5BE7007EFA6D /* ViewController.m in Sources */ = {isa = PBXBuildFile; fileRef = 48EE56C11A5C5BE7007EFA6D /* ViewController.m */; };
		48EE56C51A5C5BE7007EFA6D /* Main.storyboard in Resources */ = {isa = PBXBuildFile; fileRef = 48EE56C31A5C5BE7007EFA6D /* Main.storyboard */; };
		48EE56C71A5C5BE7007EFA6D /* Images.xcassets in Resources */ = {isa = PBXBuildFile; fileRef = 48EE56C61A5C5BE7007EFA6D /* Images.xcassets */; };
		48EE56CA1A5C5BE7007EFA6D /* LaunchScreen.xib in Resources */ = {isa = PBXBuildFile; fileRef = 48EE56C81A5C5BE7007EFA6D /* LaunchScreen.xib */; };
		48EE56D61A5C5BE7007EFA6D /* CGM_CollectorTests.m in Sources */ = {isa = PBXBuildFile; fileRef = 48EE56D51A5C5BE7007EFA6D /* CGM_CollectorTests.m */; };
		48EE56EF1A5C6AA2007EFA6D /* CoreBluetooth.framework in Frameworks */ = {isa = PBXBuildFile; fileRef = 48EE56EE1A5C6AA2007EFA6D /* CoreBluetooth.framework */; };
		D9C0339D9BEB6787C95B2A0D /* libPods.a in Frameworks */ = {isa = PBXBuildFile; fileRef = DA8D9C9E9937B2C99C07DBD4 /* libPods.a */; };
/* End PBXBuildFile section */

/* Begin PBXContainerItemProxy section */
		48EE56D01A5C5BE7007EFA6D /* PBXContainerItemProxy */ = {
			isa = PBXContainerItemProxy;
			containerPortal = 48EE56AE1A5C5BE7007EFA6D /* Project object */;
			proxyType = 1;
			remoteGlobalIDString = 48EE56B51A5C5BE7007EFA6D;
			remoteInfo = CGM_Collector;
		};
/* End PBXContainerItemProxy section */

/* Begin PBXFileReference section */
		054232D480B3B850BDA04846 /* Pods.staging.xcconfig */ = {isa = PBXFileReference; includeInIndex = 1; lastKnownFileType = text.xcconfig; name = Pods.staging.xcconfig; path = "Pods/Target Support Files/Pods/Pods.staging.xcconfig"; sourceTree = "<group>"; };
		3F611117C3DB971498201AC1 /* Pods.debug.xcconfig */ = {isa = PBXFileReference; includeInIndex = 1; lastKnownFileType = text.xcconfig; name = Pods.debug.xcconfig; path = "Pods/Target Support Files/Pods/Pods.debug.xcconfig"; sourceTree = "<group>"; };
		4846DD971A71DBEA005E111B /* icon.png */ = {isa = PBXFileReference; lastKnownFileType = image.png; path = icon.png; sourceTree = "<group>"; };
		489D42F11A5DDC9400B45751 /* PrefixHeader.pch */ = {isa = PBXFileReference; lastKnownFileType = sourcecode.c.h; path = PrefixHeader.pch; sourceTree = "<group>"; };
		48EE56B61A5C5BE7007EFA6D /* CGM_Collector.app */ = {isa = PBXFileReference; explicitFileType = wrapper.application; includeInIndex = 0; path = CGM_Collector.app; sourceTree = BUILT_PRODUCTS_DIR; };
		48EE56BA1A5C5BE7007EFA6D /* Info.plist */ = {isa = PBXFileReference; lastKnownFileType = text.plist.xml; path = Info.plist; sourceTree = "<group>"; };
		48EE56BB1A5C5BE7007EFA6D /* main.m */ = {isa = PBXFileReference; lastKnownFileType = sourcecode.c.objc; path = main.m; sourceTree = "<group>"; };
		48EE56BD1A5C5BE7007EFA6D /* AppDelegate.h */ = {isa = PBXFileReference; lastKnownFileType = sourcecode.c.h; path = AppDelegate.h; sourceTree = "<group>"; };
		48EE56BE1A5C5BE7007EFA6D /* AppDelegate.m */ = {isa = PBXFileReference; lastKnownFileType = sourcecode.c.objc; path = AppDelegate.m; sourceTree = "<group>"; };
		48EE56C01A5C5BE7007EFA6D /* ViewController.h */ = {isa = PBXFileReference; lastKnownFileType = sourcecode.c.h; path = ViewController.h; sourceTree = "<group>"; };
		48EE56C11A5C5BE7007EFA6D /* ViewController.m */ = {isa = PBXFileReference; lastKnownFileType = sourcecode.c.objc; path = ViewController.m; sourceTree = "<group>"; };
		48EE56C41A5C5BE7007EFA6D /* Base */ = {isa = PBXFileReference; lastKnownFileType = file.storyboard; name = Base; path = Base.lproj/Main.storyboard; sourceTree = "<group>"; };
		48EE56C61A5C5BE7007EFA6D /* Images.xcassets */ = {isa = PBXFileReference; lastKnownFileType = folder.assetcatalog; path = Images.xcassets; sourceTree = "<group>"; };
		48EE56C91A5C5BE7007EFA6D /* Base */ = {isa = PBXFileReference; lastKnownFileType = file.xib; name = Base; path = Base.lproj/LaunchScreen.xib; sourceTree = "<group>"; };
		48EE56CF1A5C5BE7007EFA6D /* CGM_CollectorTests.xctest */ = {isa = PBXFileReference; explicitFileType = wrapper.cfbundle; includeInIndex = 0; path = CGM_CollectorTests.xctest; sourceTree = BUILT_PRODUCTS_DIR; };
		48EE56D41A5C5BE7007EFA6D /* Info.plist */ = {isa = PBXFileReference; lastKnownFileType = text.plist.xml; path = Info.plist; sourceTree = "<group>"; };
		48EE56D51A5C5BE7007EFA6D /* CGM_CollectorTests.m */ = {isa = PBXFileReference; lastKnownFileType = sourcecode.c.objc; path = CGM_CollectorTests.m; sourceTree = "<group>"; };
		48EE56EE1A5C6AA2007EFA6D /* CoreBluetooth.framework */ = {isa = PBXFileReference; lastKnownFileType = wrapper.framework; name = CoreBluetooth.framework; path = System/Library/Frameworks/CoreBluetooth.framework; sourceTree = SDKROOT; };
		80F606E3E63A4E0DDFD0F0A0 /* Pods.release.xcconfig */ = {isa = PBXFileReference; includeInIndex = 1; lastKnownFileType = text.xcconfig; name = Pods.release.xcconfig; path = "Pods/Target Support Files/Pods/Pods.release.xcconfig"; sourceTree = "<group>"; };
		DA8D9C9E9937B2C99C07DBD4 /* libPods.a */ = {isa = PBXFileReference; explicitFileType = archive.ar; includeInIndex = 0; path = libPods.a; sourceTree = BUILT_PRODUCTS_DIR; };
/* End PBXFileReference section */

/* Begin PBXFrameworksBuildPhase section */
		48EE56B31A5C5BE7007EFA6D /* Frameworks */ = {
			isa = PBXFrameworksBuildPhase;
			buildActionMask = 2147483647;
			files = (
				48EE56EF1A5C6AA2007EFA6D /* CoreBluetooth.framework in Frameworks */,
				D9C0339D9BEB6787C95B2A0D /* libPods.a in Frameworks */,
			);
			runOnlyForDeploymentPostprocessing = 0;
		};
		48EE56CC1A5C5BE7007EFA6D /* Frameworks */ = {
			isa = PBXFrameworksBuildPhase;
			buildActionMask = 2147483647;
			files = (
			);
			runOnlyForDeploymentPostprocessing = 0;
		};
/* End PBXFrameworksBuildPhase section */

/* Begin PBXGroup section */
		4817E4201A641BC100901EA0 /* Frameworks */ = {
			isa = PBXGroup;
			children = (
				48EE56EE1A5C6AA2007EFA6D /* CoreBluetooth.framework */,
				DA8D9C9E9937B2C99C07DBD4 /* libPods.a */,
			);
			name = Frameworks;
			sourceTree = "<group>";
		};
		4846DD961A71DBD9005E111B /* Resources */ = {
			isa = PBXGroup;
			children = (
				48EE56C61A5C5BE7007EFA6D /* Images.xcassets */,
				4846DD971A71DBEA005E111B /* icon.png */,
			);
			name = Resources;
			sourceTree = "<group>";
		};
		48EE56AD1A5C5BE7007EFA6D = {
			isa = PBXGroup;
			children = (
				4817E4201A641BC100901EA0 /* Frameworks */,
				48EE56B81A5C5BE7007EFA6D /* CGM_Collector */,
				48EE56D21A5C5BE7007EFA6D /* CGM_CollectorTests */,
				48EE56B71A5C5BE7007EFA6D /* Products */,
				860D672A29F7FD28481F6ACA /* Pods */,
			);
			sourceTree = "<group>";
		};
		48EE56B71A5C5BE7007EFA6D /* Products */ = {
			isa = PBXGroup;
			children = (
				48EE56B61A5C5BE7007EFA6D /* CGM_Collector.app */,
				48EE56CF1A5C5BE7007EFA6D /* CGM_CollectorTests.xctest */,
			);
			name = Products;
			sourceTree = "<group>";
		};
		48EE56B81A5C5BE7007EFA6D /* CGM_Collector */ = {
			isa = PBXGroup;
			children = (
				48EE56BD1A5C5BE7007EFA6D /* AppDelegate.h */,
				48EE56BE1A5C5BE7007EFA6D /* AppDelegate.m */,
				48EE56C01A5C5BE7007EFA6D /* ViewController.h */,
				48EE56C11A5C5BE7007EFA6D /* ViewController.m */,
				48EE56C31A5C5BE7007EFA6D /* Main.storyboard */,
				48EE56C81A5C5BE7007EFA6D /* LaunchScreen.xib */,
				48EE56B91A5C5BE7007EFA6D /* Supporting Files */,
				4846DD961A71DBD9005E111B /* Resources */,
			);
			path = CGM_Collector;
			sourceTree = "<group>";
		};
		48EE56B91A5C5BE7007EFA6D /* Supporting Files */ = {
			isa = PBXGroup;
			children = (
				48EE56BA1A5C5BE7007EFA6D /* Info.plist */,
				48EE56BB1A5C5BE7007EFA6D /* main.m */,
				489D42F11A5DDC9400B45751 /* PrefixHeader.pch */,
			);
			name = "Supporting Files";
			sourceTree = "<group>";
		};
		48EE56D21A5C5BE7007EFA6D /* CGM_CollectorTests */ = {
			isa = PBXGroup;
			children = (
				48EE56D51A5C5BE7007EFA6D /* CGM_CollectorTests.m */,
				48EE56D31A5C5BE7007EFA6D /* Supporting Files */,
			);
			path = CGM_CollectorTests;
			sourceTree = "<group>";
		};
		48EE56D31A5C5BE7007EFA6D /* Supporting Files */ = {
			isa = PBXGroup;
			children = (
				48EE56D41A5C5BE7007EFA6D /* Info.plist */,
			);
			name = "Supporting Files";
			sourceTree = "<group>";
		};
		860D672A29F7FD28481F6ACA /* Pods */ = {
			isa = PBXGroup;
			children = (
				3F611117C3DB971498201AC1 /* Pods.debug.xcconfig */,
				80F606E3E63A4E0DDFD0F0A0 /* Pods.release.xcconfig */,
				054232D480B3B850BDA04846 /* Pods.staging.xcconfig */,
			);
			name = Pods;
			sourceTree = "<group>";
		};
/* End PBXGroup section */

/* Begin PBXNativeTarget section */
		48EE56B51A5C5BE7007EFA6D /* CGM_Collector */ = {
			isa = PBXNativeTarget;
			buildConfigurationList = 48EE56D91A5C5BE7007EFA6D /* Build configuration list for PBXNativeTarget "CGM_Collector" */;
			buildPhases = (
				91CDCCBF8AC297A9A71C4669 /* Check Pods Manifest.lock */,
				48EE56B21A5C5BE7007EFA6D /* Sources */,
				48EE56B31A5C5BE7007EFA6D /* Frameworks */,
				48EE56B41A5C5BE7007EFA6D /* Resources */,
				C907FB6C8760DE87E34E5FED /* Copy Pods Resources */,
			);
			buildRules = (
			);
			dependencies = (
			);
			name = CGM_Collector;
			productName = CGM_Collector;
			productReference = 48EE56B61A5C5BE7007EFA6D /* CGM_Collector.app */;
			productType = "com.apple.product-type.application";
		};
		48EE56CE1A5C5BE7007EFA6D /* CGM_CollectorTests */ = {
			isa = PBXNativeTarget;
			buildConfigurationList = 48EE56DC1A5C5BE7007EFA6D /* Build configuration list for PBXNativeTarget "CGM_CollectorTests" */;
			buildPhases = (
				48EE56CB1A5C5BE7007EFA6D /* Sources */,
				48EE56CC1A5C5BE7007EFA6D /* Frameworks */,
				48EE56CD1A5C5BE7007EFA6D /* Resources */,
			);
			buildRules = (
			);
			dependencies = (
				48EE56D11A5C5BE7007EFA6D /* PBXTargetDependency */,
			);
			name = CGM_CollectorTests;
			productName = CGM_CollectorTests;
			productReference = 48EE56CF1A5C5BE7007EFA6D /* CGM_CollectorTests.xctest */;
			productType = "com.apple.product-type.bundle.unit-test";
		};
/* End PBXNativeTarget section */

/* Begin PBXProject section */
		48EE56AE1A5C5BE7007EFA6D /* Project object */ = {
			isa = PBXProject;
			attributes = {
				LastUpgradeCheck = 0610;
				ORGANIZATIONNAME = eHealth;
				TargetAttributes = {
					487396D41A9CFA41009C9393 = {
						CreatedOnToolsVersion = 6.1.1;
					};
					48EE56B51A5C5BE7007EFA6D = {
						CreatedOnToolsVersion = 6.1.1;
					};
					48EE56CE1A5C5BE7007EFA6D = {
						CreatedOnToolsVersion = 6.1.1;
						TestTargetID = 48EE56B51A5C5BE7007EFA6D;
					};
				};
			};
			buildConfigurationList = 48EE56B11A5C5BE7007EFA6D /* Build configuration list for PBXProject "CGM_Collector" */;
			compatibilityVersion = "Xcode 3.2";
			developmentRegion = English;
			hasScannedForEncodings = 0;
			knownRegions = (
				en,
				Base,
			);
			mainGroup = 48EE56AD1A5C5BE7007EFA6D;
			productRefGroup = 48EE56B71A5C5BE7007EFA6D /* Products */;
			projectDirPath = "";
			projectRoot = "";
			targets = (
				48EE56B51A5C5BE7007EFA6D /* CGM_Collector */,
				48EE56CE1A5C5BE7007EFA6D /* CGM_CollectorTests */,
				487396D41A9CFA41009C9393 /* documentation */,
			);
		};
/* End PBXProject section */

/* Begin PBXResourcesBuildPhase section */
		48EE56B41A5C5BE7007EFA6D /* Resources */ = {
			isa = PBXResourcesBuildPhase;
			buildActionMask = 2147483647;
			files = (
				4846DD981A71DBEA005E111B /* icon.png in Resources */,
				48EE56C51A5C5BE7007EFA6D /* Main.storyboard in Resources */,
				48EE56CA1A5C5BE7007EFA6D /* LaunchScreen.xib in Resources */,
				48EE56C71A5C5BE7007EFA6D /* Images.xcassets in Resources */,
			);
			runOnlyForDeploymentPostprocessing = 0;
		};
		48EE56CD1A5C5BE7007EFA6D /* Resources */ = {
			isa = PBXResourcesBuildPhase;
			buildActionMask = 2147483647;
			files = (
			);
			runOnlyForDeploymentPostprocessing = 0;
		};
/* End PBXResourcesBuildPhase section */

/* Begin PBXShellScriptBuildPhase section */
		487396D91A9CFA49009C9393 /* ShellScript */ = {
			isa = PBXShellScriptBuildPhase;
			buildActionMask = 2147483647;
			files = (
			);
			inputPaths = (
			);
			outputPaths = (
			);
			runOnlyForDeploymentPostprocessing = 0;
			shellPath = /bin/sh;
			shellScript = "#appledoc Xcode script\n# Start constants\ncompany=\"Centre for Global eHealth Innovation\";\ncompanyID=\"org.ehealthinnovation\";\ncompanyURL=\"http://ehealthinnovation.com\";\ntarget=\"iphoneos\";\n#target=\"macosx\";\noutputPath=\"../docs\";\n# End constants\n/usr/local/bin/appledoc \\\n--project-name \"${PROJECT_NAME}\" \\\n--project-company \"${company}\" \\\n--company-id \"${companyID}\" \\\n--output \"${outputPath}\" \\\n--docset-platform-family \"${target}\" \\\n--logformat xcode \\\n--keep-intermediate-files \\\n--no-repeat-first-par \\\n--no-warn-invalid-crossref \\\n--exit-threshold 2 \\\n--ignore .m \\\n\"${PROJECT_DIR}\"";
		};
		91CDCCBF8AC297A9A71C4669 /* Check Pods Manifest.lock */ = {
			isa = PBXShellScriptBuildPhase;
			buildActionMask = 2147483647;
			files = (
			);
			inputPaths = (
			);
			name = "Check Pods Manifest.lock";
			outputPaths = (
			);
			runOnlyForDeploymentPostprocessing = 0;
			shellPath = /bin/sh;
			shellScript = "diff \"${PODS_ROOT}/../Podfile.lock\" \"${PODS_ROOT}/Manifest.lock\" > /dev/null\nif [[ $? != 0 ]] ; then\n    cat << EOM\nerror: The sandbox is not in sync with the Podfile.lock. Run 'pod install' or update your CocoaPods installation.\nEOM\n    exit 1\nfi\n";
			showEnvVarsInLog = 0;
		};
		C907FB6C8760DE87E34E5FED /* Copy Pods Resources */ = {
			isa = PBXShellScriptBuildPhase;
			buildActionMask = 2147483647;
			files = (
			);
			inputPaths = (
			);
			name = "Copy Pods Resources";
			outputPaths = (
			);
			runOnlyForDeploymentPostprocessing = 0;
			shellPath = /bin/sh;
			shellScript = "\"${SRCROOT}/Pods/Target Support Files/Pods/Pods-resources.sh\"\n";
			showEnvVarsInLog = 0;
		};
/* End PBXShellScriptBuildPhase section */

/* Begin PBXSourcesBuildPhase section */
		48EE56B21A5C5BE7007EFA6D /* Sources */ = {
			isa = PBXSourcesBuildPhase;
			buildActionMask = 2147483647;
			files = (
				48EE56C21A5C5BE7007EFA6D /* ViewController.m in Sources */,
				48EE56BF1A5C5BE7007EFA6D /* AppDelegate.m in Sources */,
				48EE56BC1A5C5BE7007EFA6D /* main.m in Sources */,
			);
			runOnlyForDeploymentPostprocessing = 0;
		};
		48EE56CB1A5C5BE7007EFA6D /* Sources */ = {
			isa = PBXSourcesBuildPhase;
			buildActionMask = 2147483647;
			files = (
				48EE56D61A5C5BE7007EFA6D /* CGM_CollectorTests.m in Sources */,
			);
			runOnlyForDeploymentPostprocessing = 0;
		};
/* End PBXSourcesBuildPhase section */

/* Begin PBXTargetDependency section */
		48EE56D11A5C5BE7007EFA6D /* PBXTargetDependency */ = {
			isa = PBXTargetDependency;
			target = 48EE56B51A5C5BE7007EFA6D /* CGM_Collector */;
			targetProxy = 48EE56D01A5C5BE7007EFA6D /* PBXContainerItemProxy */;
		};
/* End PBXTargetDependency section */

/* Begin PBXVariantGroup section */
		48EE56C31A5C5BE7007EFA6D /* Main.storyboard */ = {
			isa = PBXVariantGroup;
			children = (
				48EE56C41A5C5BE7007EFA6D /* Base */,
			);
			name = Main.storyboard;
			sourceTree = "<group>";
		};
		48EE56C81A5C5BE7007EFA6D /* LaunchScreen.xib */ = {
			isa = PBXVariantGroup;
			children = (
				48EE56C91A5C5BE7007EFA6D /* Base */,
			);
			name = LaunchScreen.xib;
			sourceTree = "<group>";
		};
/* End PBXVariantGroup section */

/* Begin XCBuildConfiguration section */
		4846DD931A71D9E6005E111B /* Staging */ = {
			isa = XCBuildConfiguration;
			buildSettings = {
				ALWAYS_SEARCH_USER_PATHS = NO;
				CLANG_CXX_LANGUAGE_STANDARD = "gnu++0x";
				CLANG_CXX_LIBRARY = "libc++";
				CLANG_ENABLE_MODULES = YES;
				CLANG_ENABLE_OBJC_ARC = YES;
				CLANG_WARN_BOOL_CONVERSION = YES;
				CLANG_WARN_CONSTANT_CONVERSION = YES;
				CLANG_WARN_DIRECT_OBJC_ISA_USAGE = YES_ERROR;
				CLANG_WARN_EMPTY_BODY = YES;
				CLANG_WARN_ENUM_CONVERSION = YES;
				CLANG_WARN_INT_CONVERSION = YES;
				CLANG_WARN_OBJC_ROOT_CLASS = YES_ERROR;
				CLANG_WARN_UNREACHABLE_CODE = YES;
				CLANG_WARN__DUPLICATE_METHOD_MATCH = YES;
				"CODE_SIGN_IDENTITY[sdk=iphoneos*]" = "iPhone Developer";
				COPY_PHASE_STRIP = NO;
				ENABLE_STRICT_OBJC_MSGSEND = YES;
				GCC_C_LANGUAGE_STANDARD = gnu99;
				GCC_DYNAMIC_NO_PIC = NO;
				GCC_OPTIMIZATION_LEVEL = 0;
				GCC_PREPROCESSOR_DEFINITIONS = (
					"DEBUG=1",
					"$(inherited)",
				);
				GCC_SYMBOLS_PRIVATE_EXTERN = NO;
				GCC_WARN_64_TO_32_BIT_CONVERSION = YES;
				GCC_WARN_ABOUT_RETURN_TYPE = YES_ERROR;
				GCC_WARN_UNDECLARED_SELECTOR = YES;
				GCC_WARN_UNINITIALIZED_AUTOS = YES_AGGRESSIVE;
				GCC_WARN_UNUSED_FUNCTION = YES;
				GCC_WARN_UNUSED_VARIABLE = YES;
				IPHONEOS_DEPLOYMENT_TARGET = 8.1;
				MTL_ENABLE_DEBUG_INFO = YES;
				ONLY_ACTIVE_ARCH = YES;
				SDKROOT = iphoneos;
			};
			name = Staging;
		};
		4846DD941A71D9E6005E111B /* Staging */ = {
			isa = XCBuildConfiguration;
			baseConfigurationReference = 054232D480B3B850BDA04846 /* Pods.staging.xcconfig */;
			buildSettings = {
				ASSETCATALOG_COMPILER_APPICON_NAME = AppIcon;
				GCC_PREPROCESSOR_DEFINITIONS = "STAGING=1";
				INFOPLIST_FILE = CGM_Collector/Info.plist;
				IPHONEOS_DEPLOYMENT_TARGET = 7.0;
				LD_RUNPATH_SEARCH_PATHS = "$(inherited) @executable_path/Frameworks";
				ONLY_ACTIVE_ARCH = NO;
				PRODUCT_NAME = "$(TARGET_NAME)";
			};
			name = Staging;
		};
		4846DD951A71D9E6005E111B /* Staging */ = {
			isa = XCBuildConfiguration;
			buildSettings = {
				BUNDLE_LOADER = "$(TEST_HOST)";
				FRAMEWORK_SEARCH_PATHS = (
					"$(SDKROOT)/Developer/Library/Frameworks",
					"$(inherited)",
				);
				GCC_PREPROCESSOR_DEFINITIONS = (
					"DEBUG=1",
					"$(inherited)",
				);
				INFOPLIST_FILE = CGM_CollectorTests/Info.plist;
				LD_RUNPATH_SEARCH_PATHS = "$(inherited) @executable_path/Frameworks @loader_path/Frameworks";
				PRODUCT_NAME = "$(TARGET_NAME)";
				TEST_HOST = "$(BUILT_PRODUCTS_DIR)/CGM_Collector.app/CGM_Collector";
			};
			name = Staging;
		};
		487396D51A9CFA41009C9393 /* Debug */ = {
			isa = XCBuildConfiguration;
			buildSettings = {
				PRODUCT_NAME = "$(TARGET_NAME)";
			};
			name = Debug;
		};
		487396D61A9CFA41009C9393 /* Staging */ = {
			isa = XCBuildConfiguration;
			buildSettings = {
				PRODUCT_NAME = "$(TARGET_NAME)";
			};
			name = Staging;
		};
		487396D71A9CFA41009C9393 /* Release */ = {
			isa = XCBuildConfiguration;
			buildSettings = {
				PRODUCT_NAME = "$(TARGET_NAME)";
			};
			name = Release;
		};
		48EE56D71A5C5BE7007EFA6D /* Debug */ = {
			isa = XCBuildConfiguration;
			buildSettings = {
				ALWAYS_SEARCH_USER_PATHS = NO;
				CLANG_CXX_LANGUAGE_STANDARD = "gnu++0x";
				CLANG_CXX_LIBRARY = "libc++";
				CLANG_ENABLE_MODULES = YES;
				CLANG_ENABLE_OBJC_ARC = YES;
				CLANG_WARN_BOOL_CONVERSION = YES;
				CLANG_WARN_CONSTANT_CONVERSION = YES;
				CLANG_WARN_DIRECT_OBJC_ISA_USAGE = YES_ERROR;
				CLANG_WARN_EMPTY_BODY = YES;
				CLANG_WARN_ENUM_CONVERSION = YES;
				CLANG_WARN_INT_CONVERSION = YES;
				CLANG_WARN_OBJC_ROOT_CLASS = YES_ERROR;
				CLANG_WARN_UNREACHABLE_CODE = YES;
				CLANG_WARN__DUPLICATE_METHOD_MATCH = YES;
				"CODE_SIGN_IDENTITY[sdk=iphoneos*]" = "iPhone Developer";
				COPY_PHASE_STRIP = NO;
				ENABLE_STRICT_OBJC_MSGSEND = YES;
				GCC_C_LANGUAGE_STANDARD = gnu99;
				GCC_DYNAMIC_NO_PIC = NO;
				GCC_OPTIMIZATION_LEVEL = 0;
				GCC_PREPROCESSOR_DEFINITIONS = (
					"DEBUG=1",
					"$(inherited)",
				);
				GCC_SYMBOLS_PRIVATE_EXTERN = NO;
				GCC_WARN_64_TO_32_BIT_CONVERSION = YES;
				GCC_WARN_ABOUT_RETURN_TYPE = YES_ERROR;
				GCC_WARN_UNDECLARED_SELECTOR = YES;
				GCC_WARN_UNINITIALIZED_AUTOS = YES_AGGRESSIVE;
				GCC_WARN_UNUSED_FUNCTION = YES;
				GCC_WARN_UNUSED_VARIABLE = YES;
				IPHONEOS_DEPLOYMENT_TARGET = 8.1;
				MTL_ENABLE_DEBUG_INFO = YES;
				ONLY_ACTIVE_ARCH = YES;
				SDKROOT = iphoneos;
			};
			name = Debug;
		};
		48EE56D81A5C5BE7007EFA6D /* Release */ = {
			isa = XCBuildConfiguration;
			buildSettings = {
				ALWAYS_SEARCH_USER_PATHS = NO;
				CLANG_CXX_LANGUAGE_STANDARD = "gnu++0x";
				CLANG_CXX_LIBRARY = "libc++";
				CLANG_ENABLE_MODULES = YES;
				CLANG_ENABLE_OBJC_ARC = YES;
				CLANG_WARN_BOOL_CONVERSION = YES;
				CLANG_WARN_CONSTANT_CONVERSION = YES;
				CLANG_WARN_DIRECT_OBJC_ISA_USAGE = YES_ERROR;
				CLANG_WARN_EMPTY_BODY = YES;
				CLANG_WARN_ENUM_CONVERSION = YES;
				CLANG_WARN_INT_CONVERSION = YES;
				CLANG_WARN_OBJC_ROOT_CLASS = YES_ERROR;
				CLANG_WARN_UNREACHABLE_CODE = YES;
				CLANG_WARN__DUPLICATE_METHOD_MATCH = YES;
				"CODE_SIGN_IDENTITY[sdk=iphoneos*]" = "iPhone Developer";
				COPY_PHASE_STRIP = YES;
				ENABLE_NS_ASSERTIONS = NO;
				ENABLE_STRICT_OBJC_MSGSEND = YES;
				GCC_C_LANGUAGE_STANDARD = gnu99;
				GCC_WARN_64_TO_32_BIT_CONVERSION = YES;
				GCC_WARN_ABOUT_RETURN_TYPE = YES_ERROR;
				GCC_WARN_UNDECLARED_SELECTOR = YES;
				GCC_WARN_UNINITIALIZED_AUTOS = YES_AGGRESSIVE;
				GCC_WARN_UNUSED_FUNCTION = YES;
				GCC_WARN_UNUSED_VARIABLE = YES;
				IPHONEOS_DEPLOYMENT_TARGET = 8.1;
				MTL_ENABLE_DEBUG_INFO = NO;
				SDKROOT = iphoneos;
				VALIDATE_PRODUCT = YES;
			};
			name = Release;
		};
		48EE56DA1A5C5BE7007EFA6D /* Debug */ = {
			isa = XCBuildConfiguration;
			baseConfigurationReference = 3F611117C3DB971498201AC1 /* Pods.debug.xcconfig */;
			buildSettings = {
				ASSETCATALOG_COMPILER_APPICON_NAME = "AppIcon-2";
				ASSETCATALOG_COMPILER_LAUNCHIMAGE_NAME = LaunchImage;
				CODE_SIGN_IDENTITY = "iPhone Developer";
				"CODE_SIGN_IDENTITY[sdk=iphoneos*]" = "iPhone Developer";
				INFOPLIST_FILE = CGM_Collector/Info.plist;
				IPHONEOS_DEPLOYMENT_TARGET = 7.0;
				LD_RUNPATH_SEARCH_PATHS = "$(inherited) @executable_path/Frameworks";
				ONLY_ACTIVE_ARCH = YES;
				PRODUCT_NAME = "$(TARGET_NAME)";
				PROVISIONING_PROFILE = "23a66673-2e2e-4532-a785-db681e82920c";
			};
			name = Debug;
		};
		48EE56DB1A5C5BE7007EFA6D /* Release */ = {
			isa = XCBuildConfiguration;
			baseConfigurationReference = 80F606E3E63A4E0DDFD0F0A0 /* Pods.release.xcconfig */;
			buildSettings = {
				ASSETCATALOG_COMPILER_APPICON_NAME = "AppIcon-2";
				ASSETCATALOG_COMPILER_LAUNCHIMAGE_NAME = LaunchImage;
				INFOPLIST_FILE = CGM_Collector/Info.plist;
				IPHONEOS_DEPLOYMENT_TARGET = 7.0;
				LD_RUNPATH_SEARCH_PATHS = "$(inherited) @executable_path/Frameworks";
				PRODUCT_NAME = "$(TARGET_NAME)";
				PROVISIONING_PROFILE = "834E5768-002E-4790-91EA-22BB8A626183";
			};
			name = Release;
		};
		48EE56DD1A5C5BE7007EFA6D /* Debug */ = {
			isa = XCBuildConfiguration;
			buildSettings = {
				BUNDLE_LOADER = "$(TEST_HOST)";
				FRAMEWORK_SEARCH_PATHS = (
					"$(SDKROOT)/Developer/Library/Frameworks",
					"$(inherited)",
				);
				GCC_PREPROCESSOR_DEFINITIONS = (
					"DEBUG=1",
					"$(inherited)",
				);
				INFOPLIST_FILE = CGM_CollectorTests/Info.plist;
				LD_RUNPATH_SEARCH_PATHS = "$(inherited) @executable_path/Frameworks @loader_path/Frameworks";
				PRODUCT_NAME = "$(TARGET_NAME)";
				TEST_HOST = "$(BUILT_PRODUCTS_DIR)/CGM_Collector.app/CGM_Collector";
			};
			name = Debug;
		};
		48EE56DE1A5C5BE7007EFA6D /* Release */ = {
			isa = XCBuildConfiguration;
			buildSettings = {
				BUNDLE_LOADER = "$(TEST_HOST)";
				FRAMEWORK_SEARCH_PATHS = (
					"$(SDKROOT)/Developer/Library/Frameworks",
					"$(inherited)",
				);
				INFOPLIST_FILE = CGM_CollectorTests/Info.plist;
				LD_RUNPATH_SEARCH_PATHS = "$(inherited) @executable_path/Frameworks @loader_path/Frameworks";
				PRODUCT_NAME = "$(TARGET_NAME)";
				TEST_HOST = "$(BUILT_PRODUCTS_DIR)/CGM_Collector.app/CGM_Collector";
			};
			name = Release;
		};
/* End XCBuildConfiguration section */

/* Begin XCConfigurationList section */
		487396D81A9CFA41009C9393 /* Build configuration list for PBXAggregateTarget "documentation" */ = {
			isa = XCConfigurationList;
			buildConfigurations = (
				487396D51A9CFA41009C9393 /* Debug */,
				487396D61A9CFA41009C9393 /* Staging */,
				487396D71A9CFA41009C9393 /* Release */,
			);
			defaultConfigurationIsVisible = 0;
		};
		48EE56B11A5C5BE7007EFA6D /* Build configuration list for PBXProject "CGM_Collector" */ = {
			isa = XCConfigurationList;
			buildConfigurations = (
				48EE56D71A5C5BE7007EFA6D /* Debug */,
				4846DD931A71D9E6005E111B /* Staging */,
				48EE56D81A5C5BE7007EFA6D /* Release */,
			);
			defaultConfigurationIsVisible = 0;
			defaultConfigurationName = Release;
		};
		48EE56D91A5C5BE7007EFA6D /* Build configuration list for PBXNativeTarget "CGM_Collector" */ = {
			isa = XCConfigurationList;
			buildConfigurations = (
				48EE56DA1A5C5BE7007EFA6D /* Debug */,
				4846DD941A71D9E6005E111B /* Staging */,
				48EE56DB1A5C5BE7007EFA6D /* Release */,
			);
			defaultConfigurationIsVisible = 0;
			defaultConfigurationName = Release;
		};
		48EE56DC1A5C5BE7007EFA6D /* Build configuration list for PBXNativeTarget "CGM_CollectorTests" */ = {
			isa = XCConfigurationList;
			buildConfigurations = (
				48EE56DD1A5C5BE7007EFA6D /* Debug */,
				4846DD951A71D9E6005E111B /* Staging */,
				48EE56DE1A5C5BE7007EFA6D /* Release */,
			);
			defaultConfigurationIsVisible = 0;
			defaultConfigurationName = Release;
		};
/* End XCConfigurationList section */
	};
	rootObject = 48EE56AE1A5C5BE7007EFA6D /* Project object */;
}
